<?xml version="1.0" encoding="utf-8"?>
<Project ToolsVersion="4.0" xmlns="http://schemas.microsoft.com/developer/msbuild/2003">
  <ItemGroup>
    <Filter Include="Source Files">
      <UniqueIdentifier>{4FC737F1-C7A5-4376-A066-2A32D752A2FF}</UniqueIdentifier>
      <Extensions>cpp;c;cc;cxx;def;odl;idl;hpj;bat;asm;asmx</Extensions>
    </Filter>
    <Filter Include="Header Files">
      <UniqueIdentifier>{93995380-89BD-4b04-88EB-625FBE52EBFB}</UniqueIdentifier>
      <Extensions>h;hh;hpp;hxx;hm;inl;inc;ipp;xsd</Extensions>
    </Filter>
    <Filter Include="Resource Files">
      <UniqueIdentifier>{67DA6AB6-F800-4c08-8B7A-83BB121AAD01}</UniqueIdentifier>
      <Extensions>rc;ico;cur;bmp;dlg;rc2;rct;bin;rgs;gif;jpg;jpeg;jpe;resx;tiff;tif;png;wav;mfcribbon-ms</Extensions>
    </Filter>
    <Filter Include="Header Files\Services">
      <UniqueIdentifier>{8205a3db-5312-46f2-8189-e6f529efd47b}</UniqueIdentifier>
    </Filter>
    <Filter Include="Source Files\Services">
      <UniqueIdentifier>{0cea632b-6f16-4616-a811-b1538c4bb03c}</UniqueIdentifier>
    </Filter>
    <Filter Include="Header Files\Utils">
      <UniqueIdentifier>{54cf809e-1116-4000-9199-e8f98d769138}</UniqueIdentifier>
    </Filter>
  </ItemGroup>
  <ItemGroup>
    <ClCompile Include="src\main.cpp">
      <Filter>Source Files</Filter>
    </ClCompile>
    <ClCompile Include="src\Services\DatabaseService.cpp">
      <Filter>Source Files</Filter>
    </ClCompile>
    <ClCompile Include="src\Services\FileService.cpp">
      <Filter>Source Files</Filter>
    </ClCompile>
    <ClCompile Include="src\BankAccount.cpp">
      <Filter>Source Files</Filter>
    </ClCompile>
    <ClCompile Include="src\User\Person.cpp">
      <Filter>Source Files</Filter>
    </ClCompile>
    <ClCompile Include="src\User\Administrator.cpp">
      <Filter>Source Files</Filter>
    </ClCompile>
    <ClCompile Include="src\User\BankEmployee.cpp">
      <Filter>Source Files</Filter>
    </ClCompile>
    <ClCompile Include="src\User\Client.cpp">
      <Filter>Source Files</Filter>
    </ClCompile>
    <ClCompile Include="include\User\SystemAccount.h">
      <Filter>Source Files</Filter>
    </ClCompile>
    <ClCompile Include="src\Utils\Date.cpp">
      <Filter>Source Files</Filter>
    </ClCompile>
    <ClCompile Include="src\BankCard.cpp">
      <Filter>Source Files</Filter>
    </ClCompile>
    <ClCompile Include="src\Utils\StringEscaper.cpp">
      <Filter>Source Files</Filter>
    </ClCompile>
    <ClCompile Include="src\Services\IOService.cpp">
      <Filter>Source Files</Filter>
    </ClCompile>
    <ClCompile Include="src\Utils\Validator.cpp">
      <Filter>Source Files</Filter>
    </ClCompile>
    <ClCompile Include="src\User\SystemAccount.cpp">
      <Filter>Source Files</Filter>
    </ClCompile>
    <ClCompile Include="include\Commands\Help\UnloggedHelpCommand.h">
      <Filter>Source Files</Filter>
    </ClCompile>
    <ClCompile Include="src\Commands\Invoker.cpp">
      <Filter>Source Files</Filter>
    </ClCompile>
    <ClCompile Include="include\Commands\Login\LogoutCommand.h">
      <Filter>Source Files</Filter>
    </ClCompile>
    <ClCompile Include="src\Services\LoginService.cpp">
      <Filter>Source Files</Filter>
    </ClCompile>
  </ItemGroup>
  <ItemGroup>
    <ClInclude Include="include\Services\DatabaseService.h">
      <Filter>Header Files</Filter>
    </ClInclude>
    <ClInclude Include="include\Services\FileService.h">
      <Filter>Header Files</Filter>
    </ClInclude>
    <ClInclude Include="include\BankAccount.h">
      <Filter>Header Files</Filter>
    </ClInclude>
    <ClInclude Include="include\User\Person.h">
      <Filter>Header Files</Filter>
    </ClInclude>
    <ClInclude Include="include\User\Administrator.h">
      <Filter>Header Files</Filter>
    </ClInclude>
    <ClInclude Include="include\User\BankEmployee.h">
      <Filter>Header Files</Filter>
    </ClInclude>
    <ClInclude Include="include\User\Client.h">
      <Filter>Header Files</Filter>
    </ClInclude>
    <ClInclude Include="include\Utils\Date.h">
      <Filter>Header Files</Filter>
    </ClInclude>
    <ClInclude Include="include\BankCard.h">
      <Filter>Header Files</Filter>
    </ClInclude>
    <ClInclude Include="include\Utils\StringEscaper.h">
      <Filter>Header Files</Filter>
    </ClInclude>
    <ClInclude Include="include\Services\IOService.h">
      <Filter>Header Files</Filter>
    </ClInclude>
    <ClInclude Include="include\Utils\Validator.h">
      <Filter>Header Files</Filter>
    </ClInclude>
    <ClInclude Include="include\Commands\Invoker.h">
      <Filter>Header Files</Filter>
    </ClInclude>
    <ClInclude Include="include\Commands\Help\ClientHelpCommand.h">
      <Filter>Header Files</Filter>
    </ClInclude>
    <ClInclude Include="include\Commands\Help\HelpCommand.h">
      <Filter>Header Files</Filter>
    </ClInclude>
    <ClInclude Include="include\Commands\Help\AdminHelpCommand.h">
      <Filter>Header Files</Filter>
    </ClInclude>
    <ClInclude Include="include\Commands\Help\EmployeeHelpCommand.h">
      <Filter>Header Files</Filter>
    </ClInclude>
    <ClInclude Include="include\Commands\LoggedIn\LoggedInCommand.h">
      <Filter>Header Files</Filter>
    </ClInclude>
    <ClInclude Include="include\Commands\LoggedIn\CreateEmployeeCommand.h">
      <Filter>Header Files</Filter>
    </ClInclude>
    <ClInclude Include="include\Commands\LoggedIn\DeleteEmployeeCommand.h">
      <Filter>Header Files</Filter>
    </ClInclude>
    <ClInclude Include="include\Commands\LoggedIn\CreateClientCommand.h">
      <Filter>Header Files</Filter>
    </ClInclude>
    <ClInclude Include="include\Commands\LoggedIn\DeleteClientCommand.h">
      <Filter>Header Files</Filter>
    </ClInclude>
    <ClInclude Include="include\Commands\LoggedIn\CreateBankAccountCommand.h">
      <Filter>Header Files</Filter>
    </ClInclude>
    <ClInclude Include="include\Commands\LoggedIn\CreateCardCommand.h">
      <Filter>Header Files</Filter>
    </ClInclude>
    <ClInclude Include="include\Commands\LoggedIn\DeleteBankAccountCommand.h">
      <Filter>Header Files</Filter>
    </ClInclude>
    <ClInclude Include="include\Commands\LoggedIn\DeleteCardCommand.h">
      <Filter>Header Files</Filter>
    </ClInclude>
    <ClInclude Include="include\Commands\LoggedIn\GetReportCommand.h">
      <Filter>Header Files</Filter>
    </ClInclude>
    <ClInclude Include="include\Commands\LoggedIn\IndividualReportCommand.h">
      <Filter>Header Files</Filter>
    </ClInclude>
    <ClInclude Include="include\Commands\LoggedIn\DepositCommand.h">
      <Filter>Header Files</Filter>
    </ClInclude>
    <ClInclude Include="include\Commands\LoggedIn\WithdrawCommand.h">
      <Filter>Header Files</Filter>
    </ClInclude>
    <ClInclude Include="include\Commands\LoggedIn\CheckBalanceCommand.h">
      <Filter>Header Files</Filter>
    </ClInclude>
    <ClInclude Include="include\Commands\Login\LoginAsAdminCommand.h">
      <Filter>Header Files</Filter>
    </ClInclude>
    <ClInclude Include="include\Commands\Login\LoginAsEmployeeCommand.h">
      <Filter>Header Files</Filter>
    </ClInclude>
    <ClInclude Include="include\Commands\Login\LoginAsClientCommand.h">
      <Filter>Header Files</Filter>
    </ClInclude>
    <ClInclude Include="include\Services\LoginService.h">
      <Filter>Header Files</Filter>
    </ClInclude>
  </ItemGroup>
  <ItemGroup>
    <None Include="ClassDiagram.cd" />
  </ItemGroup>
</Project>